
Microsoft Visual Studio Solution File, Format Version 12.00
# Visual Studio 15
VisualStudioVersion = 15.0.28307.1145
MinimumVisualStudioVersion = 10.0.40219.1
Project("{FAE04EC0-301F-11D3-BF4B-00C04F79EFBC}") = "LocadoraWebApi", "LocadoraWebApi\LocadoraWebApi.csproj", "{491E73EC-3FC0-4355-B65C-3D724B1ACDC3}"
EndProject
Global
	GlobalSection(SolutionConfigurationPlatforms) = preSolution
		Debug|Any CPU = Debug|Any CPU
		Release|Any CPU = Release|Any CPU
	EndGlobalSection
	GlobalSection(ProjectConfigurationPlatforms) = postSolution
		{491E73EC-3FC0-4355-B65C-3D724B1ACDC3}.Debug|Any CPU.ActiveCfg = Debug|Any CPU
		{491E73EC-3FC0-4355-B65C-3D724B1ACDC3}.Debug|Any CPU.Build.0 = Debug|Any CPU
		{491E73EC-3FC0-4355-B65C-3D724B1ACDC3}.Release|Any CPU.ActiveCfg = Release|Any CPU
		{491E73EC-3FC0-4355-B65C-3D724B1ACDC3}.Release|Any CPU.Build.0 = Release|Any CPU
	EndGlobalSection
	GlobalSection(SolutionProperties) = preSolution
		HideSolutionNode = FALSE
	EndGlobalSection
	GlobalSection(ExtensibilityGlobals) = postSolution
		SolutionGuid = {285CC13E-7566-4A8C-92A3-58A061DB8AED}
	EndGlobalSection
EndGlobal
